
Microsoft Visual Studio Solution File, Format Version 12.00
# Visual Studio Version 16
VisualStudioVersion = 16.0.29519.181
MinimumVisualStudioVersion = 10.0.40219.1
Project("{9A19103F-16F7-4668-BE54-9A1E7A4F7556}") = "PathFollowingUI", "PathFollowingUI\PathFollowingUI.csproj", "{7CDE446B-171B-47E8-94AE-0ADB1CCC5F84}"
EndProject
Project("{FAE04EC0-301F-11D3-BF4B-00C04F79EFBC}") = "PathFollowingSolverTests", "PathFollowingSolverTests\PathFollowingSolverTests.csproj", "{D694D2EB-BBFC-4D9B-96A3-A3C785B9AD65}"
EndProject
Project("{FAE04EC0-301F-11D3-BF4B-00C04F79EFBC}") = "PathFollowingTestConsole", "PathFollowingTestConsole\PathFollowingTestConsole.csproj", "{C22DEAB8-5AFD-4948-9409-A3D006A806E9}"
EndProject
Global
	GlobalSection(SolutionConfigurationPlatforms) = preSolution
		Debug|Any CPU = Debug|Any CPU
		Release|Any CPU = Release|Any CPU
	EndGlobalSection
	GlobalSection(ProjectConfigurationPlatforms) = postSolution
		{7CDE446B-171B-47E8-94AE-0ADB1CCC5F84}.Debug|Any CPU.ActiveCfg = Debug|Any CPU
		{7CDE446B-171B-47E8-94AE-0ADB1CCC5F84}.Debug|Any CPU.Build.0 = Debug|Any CPU
		{7CDE446B-171B-47E8-94AE-0ADB1CCC5F84}.Release|Any CPU.ActiveCfg = Release|Any CPU
		{7CDE446B-171B-47E8-94AE-0ADB1CCC5F84}.Release|Any CPU.Build.0 = Release|Any CPU
		{D694D2EB-BBFC-4D9B-96A3-A3C785B9AD65}.Debug|Any CPU.ActiveCfg = Debug|Any CPU
		{D694D2EB-BBFC-4D9B-96A3-A3C785B9AD65}.Debug|Any CPU.Build.0 = Debug|Any CPU
		{D694D2EB-BBFC-4D9B-96A3-A3C785B9AD65}.Release|Any CPU.ActiveCfg = Release|Any CPU
		{D694D2EB-BBFC-4D9B-96A3-A3C785B9AD65}.Release|Any CPU.Build.0 = Release|Any CPU
		{C22DEAB8-5AFD-4948-9409-A3D006A806E9}.Debug|Any CPU.ActiveCfg = Debug|Any CPU
		{C22DEAB8-5AFD-4948-9409-A3D006A806E9}.Debug|Any CPU.Build.0 = Debug|Any CPU
		{C22DEAB8-5AFD-4948-9409-A3D006A806E9}.Release|Any CPU.ActiveCfg = Release|Any CPU
		{C22DEAB8-5AFD-4948-9409-A3D006A806E9}.Release|Any CPU.Build.0 = Release|Any CPU
	EndGlobalSection
	GlobalSection(SolutionProperties) = preSolution
		HideSolutionNode = FALSE
	EndGlobalSection
	GlobalSection(ExtensibilityGlobals) = postSolution
		SolutionGuid = {56B41582-BC2D-48D4-90B3-4C2C3A79C6C6}
	EndGlobalSection
EndGlobal
